github.com/anton2920/gofa v0.0.0-20251003214513-435622db6c99 h1:xLw0d3su+rkcUrwQJkmQ0OpvWnvlMWOI+LA9+xHBQj8=
github.com/anton2920/gofa v0.0.0-20251003214513-435622db6c99/go.mod h1:2G6sIvNTS5FPEQdRTnR9IuxfJwKvCEEK0EjCxWTjsvY=
github.com/brianvoe/gofakeit/v7 v7.2.1 h1:AGojgaaCdgq4Adzrd2uWdbGNDyX6MWNhHdQBraNfOHI=
github.com/brianvoe/gofakeit/v7 v7.2.1/go.mod h1:QXuPeBw164PJCzCUZVmgpgHJ3Llj49jSLVkKPMtxtxA=
github.com/google/uuid v1.6.0 h1:NIvaJDMOsjHA8n1jAhLSgzrAzy1Hgr+hNrb57e+94F0=
github.com/google/uuid v1.6.0/go.mod h1:TIyPZe4MgqvfeYDBFedMoGGpEw/LqOeaOT+nhxU+yHo=
github.com/joho/godotenv v1.5.1 h1:7eLL/+HRGLY0ldzfGMeQkb7vMd0as4CfYvUVzLqw0N0=
github.com/joho/godotenv v1.5.1/go.mod h1:f4LDr5Voq0i2e/R5DDNOoa2zzDfwtkZa6DnEwAbqwq4=
